
Microsoft Visual Studio Solution File, Format Version 12.00
# Visual Studio 15
VisualStudioVersion = 15.0.28307.329
MinimumVisualStudioVersion = 10.0.40219.1
Project("{FAE04EC0-301F-11D3-BF4B-00C04F79EFBC}") = "Task 3", "Task 3\Task 3.csproj", "{6236E401-7EE3-4F9C-A8CD-C36A17C01292}"
EndProject
Global
	GlobalSection(SolutionConfigurationPlatforms) = preSolution
		Debug|Any CPU = Debug|Any CPU
		Release|Any CPU = Release|Any CPU
	EndGlobalSection
	GlobalSection(ProjectConfigurationPlatforms) = postSolution
		{6236E401-7EE3-4F9C-A8CD-C36A17C01292}.Debug|Any CPU.ActiveCfg = Debug|Any CPU
		{6236E401-7EE3-4F9C-A8CD-C36A17C01292}.Debug|Any CPU.Build.0 = Debug|Any CPU
		{6236E401-7EE3-4F9C-A8CD-C36A17C01292}.Release|Any CPU.ActiveCfg = Release|Any CPU
		{6236E401-7EE3-4F9C-A8CD-C36A17C01292}.Release|Any CPU.Build.0 = Release|Any CPU
	EndGlobalSection
	GlobalSection(SolutionProperties) = preSolution
		HideSolutionNode = FALSE
	EndGlobalSection
	GlobalSection(ExtensibilityGlobals) = postSolution
		SolutionGuid = {0BAAF95F-DB35-4325-9EF4-CE60D5DA999F}
	EndGlobalSection
EndGlobal
