
Microsoft Visual Studio Solution File, Format Version 12.00
# Visual Studio 15
VisualStudioVersion = 15.0.28307.329
MinimumVisualStudioVersion = 10.0.40219.1
Project("{FAE04EC0-301F-11D3-BF4B-00C04F79EFBC}") = "Task 2", "Task 2\Task 2.csproj", "{4A4F707B-E1B4-4DBB-AB41-9811FC6F79F6}"
EndProject
Global
	GlobalSection(SolutionConfigurationPlatforms) = preSolution
		Debug|Any CPU = Debug|Any CPU
		Release|Any CPU = Release|Any CPU
	EndGlobalSection
	GlobalSection(ProjectConfigurationPlatforms) = postSolution
		{4A4F707B-E1B4-4DBB-AB41-9811FC6F79F6}.Debug|Any CPU.ActiveCfg = Debug|Any CPU
		{4A4F707B-E1B4-4DBB-AB41-9811FC6F79F6}.Debug|Any CPU.Build.0 = Debug|Any CPU
		{4A4F707B-E1B4-4DBB-AB41-9811FC6F79F6}.Release|Any CPU.ActiveCfg = Release|Any CPU
		{4A4F707B-E1B4-4DBB-AB41-9811FC6F79F6}.Release|Any CPU.Build.0 = Release|Any CPU
	EndGlobalSection
	GlobalSection(SolutionProperties) = preSolution
		HideSolutionNode = FALSE
	EndGlobalSection
	GlobalSection(ExtensibilityGlobals) = postSolution
		SolutionGuid = {205BE390-0D74-4BEF-BEDA-91EA295298B4}
	EndGlobalSection
EndGlobal
